// !$*UTF8*$!
{
	archiveVersion = 1;
	classes = {
	};
	objectVersion = 56;
	objects = {

/* Begin PBXBuildFile section */
		931006C52927E01700ACB9CD /* ProfileVC.swift in Sources */ = {isa = PBXBuildFile; fileRef = 931006C32927E01700ACB9CD /* ProfileVC.swift */; };
		931006CA2927E04100ACB9CD /* ProfileInteractor.swift in Sources */ = {isa = PBXBuildFile; fileRef = 931006C92927E04100ACB9CD /* ProfileInteractor.swift */; };
		931006CC2927E04D00ACB9CD /* ProfilePresenter.swift in Sources */ = {isa = PBXBuildFile; fileRef = 931006CB2927E04D00ACB9CD /* ProfilePresenter.swift */; };
		931006CE2927E06100ACB9CD /* ProfileRouter.swift in Sources */ = {isa = PBXBuildFile; fileRef = 931006CD2927E06100ACB9CD /* ProfileRouter.swift */; };
		931006D22927E07B00ACB9CD /* ProfileEntity.swift in Sources */ = {isa = PBXBuildFile; fileRef = 931006D12927E07B00ACB9CD /* ProfileEntity.swift */; };
		931006D42927E08600ACB9CD /* ProfileProtocol.swift in Sources */ = {isa = PBXBuildFile; fileRef = 931006D32927E08600ACB9CD /* ProfileProtocol.swift */; };
		931006DD2927E81500ACB9CD /* Profile+CoreDataClass.swift in Sources */ = {isa = PBXBuildFile; fileRef = 931006DB2927E81500ACB9CD /* Profile+CoreDataClass.swift */; };
		931006DE2927E81500ACB9CD /* Profile+CoreDataProperties.swift in Sources */ = {isa = PBXBuildFile; fileRef = 931006DC2927E81500ACB9CD /* Profile+CoreDataProperties.swift */; };
		934EECB229275A97003F735D /* AppDelegate.swift in Sources */ = {isa = PBXBuildFile; fileRef = 934EECB129275A97003F735D /* AppDelegate.swift */; };
		934EECB429275A97003F735D /* SceneDelegate.swift in Sources */ = {isa = PBXBuildFile; fileRef = 934EECB329275A97003F735D /* SceneDelegate.swift */; };
		934EECBC29275A97003F735D /* FormacionAppStory.xcdatamodeld in Sources */ = {isa = PBXBuildFile; fileRef = 934EECBA29275A97003F735D /* FormacionAppStory.xcdatamodeld */; };
		934EECBE29275A9B003F735D /* Assets.xcassets in Resources */ = {isa = PBXBuildFile; fileRef = 934EECBD29275A9B003F735D /* Assets.xcassets */; };
		934EECC129275A9B003F735D /* LaunchScreen.storyboard in Resources */ = {isa = PBXBuildFile; fileRef = 934EECBF29275A9B003F735D /* LaunchScreen.storyboard */; };
		937B7A64292D06A20018EE32 /* ProfileDataManagerProtocol.swift in Sources */ = {isa = PBXBuildFile; fileRef = 937B7A63292D06A20018EE32 /* ProfileDataManagerProtocol.swift */; };
		937B7A66292D07410018EE32 /* ProfileDataManagerRemote.swift in Sources */ = {isa = PBXBuildFile; fileRef = 937B7A65292D07410018EE32 /* ProfileDataManagerRemote.swift */; };
		93B5EB2A29297677003AEEA4 /* ProfileView.storyboard in Resources */ = {isa = PBXBuildFile; fileRef = 93B5EB2929297677003AEEA4 /* ProfileView.storyboard */; };
		93B5EB3329297D07003AEEA4 /* ProfileDetailProtocol.swift in Sources */ = {isa = PBXBuildFile; fileRef = 93B5EB3229297D07003AEEA4 /* ProfileDetailProtocol.swift */; };
		93B5EB372929812A003AEEA4 /* ProfileDetailVC.swift in Sources */ = {isa = PBXBuildFile; fileRef = 93B5EB362929812A003AEEA4 /* ProfileDetailVC.swift */; };
		93B5EB392929813C003AEEA4 /* ProfileDetail.storyboard in Resources */ = {isa = PBXBuildFile; fileRef = 93B5EB382929813C003AEEA4 /* ProfileDetail.storyboard */; };
		93B5EB3B292981D9003AEEA4 /* ProfileDetailInteractor.swift in Sources */ = {isa = PBXBuildFile; fileRef = 93B5EB3A292981D9003AEEA4 /* ProfileDetailInteractor.swift */; };
		93B5EB3D29298EC8003AEEA4 /* ProfileDetailPresenter.swift in Sources */ = {isa = PBXBuildFile; fileRef = 93B5EB3C29298EC8003AEEA4 /* ProfileDetailPresenter.swift */; };
		93B5EB3F292991B8003AEEA4 /* ProfileDetailRouter.swift in Sources */ = {isa = PBXBuildFile; fileRef = 93B5EB3E292991B8003AEEA4 /* ProfileDetailRouter.swift */; };
/* End PBXBuildFile section */

/* Begin PBXFileReference section */
		931006C32927E01700ACB9CD /* ProfileVC.swift */ = {isa = PBXFileReference; lastKnownFileType = sourcecode.swift; path = ProfileVC.swift; sourceTree = "<group>"; };
		931006C92927E04100ACB9CD /* ProfileInteractor.swift */ = {isa = PBXFileReference; lastKnownFileType = sourcecode.swift; path = ProfileInteractor.swift; sourceTree = "<group>"; };
		931006CB2927E04D00ACB9CD /* ProfilePresenter.swift */ = {isa = PBXFileReference; lastKnownFileType = sourcecode.swift; path = ProfilePresenter.swift; sourceTree = "<group>"; };
		931006CD2927E06100ACB9CD /* ProfileRouter.swift */ = {isa = PBXFileReference; lastKnownFileType = sourcecode.swift; path = ProfileRouter.swift; sourceTree = "<group>"; };
		931006D12927E07B00ACB9CD /* ProfileEntity.swift */ = {isa = PBXFileReference; lastKnownFileType = sourcecode.swift; path = ProfileEntity.swift; sourceTree = "<group>"; };
		931006D32927E08600ACB9CD /* ProfileProtocol.swift */ = {isa = PBXFileReference; lastKnownFileType = sourcecode.swift; path = ProfileProtocol.swift; sourceTree = "<group>"; };
		931006DB2927E81500ACB9CD /* Profile+CoreDataClass.swift */ = {isa = PBXFileReference; lastKnownFileType = sourcecode.swift; path = "Profile+CoreDataClass.swift"; sourceTree = "<group>"; };
		931006DC2927E81500ACB9CD /* Profile+CoreDataProperties.swift */ = {isa = PBXFileReference; lastKnownFileType = sourcecode.swift; path = "Profile+CoreDataProperties.swift"; sourceTree = "<group>"; };
		934EECAE29275A97003F735D /* FormacionAppStory.app */ = {isa = PBXFileReference; explicitFileType = wrapper.application; includeInIndex = 0; path = FormacionAppStory.app; sourceTree = BUILT_PRODUCTS_DIR; };
		934EECB129275A97003F735D /* AppDelegate.swift */ = {isa = PBXFileReference; lastKnownFileType = sourcecode.swift; path = AppDelegate.swift; sourceTree = "<group>"; };
		934EECB329275A97003F735D /* SceneDelegate.swift */ = {isa = PBXFileReference; lastKnownFileType = sourcecode.swift; path = SceneDelegate.swift; sourceTree = "<group>"; };
		934EECBB29275A97003F735D /* FormacionAppStory.xcdatamodel */ = {isa = PBXFileReference; lastKnownFileType = wrapper.xcdatamodel; path = FormacionAppStory.xcdatamodel; sourceTree = "<group>"; };
		934EECBD29275A9B003F735D /* Assets.xcassets */ = {isa = PBXFileReference; lastKnownFileType = folder.assetcatalog; path = Assets.xcassets; sourceTree = "<group>"; };
		934EECC029275A9B003F735D /* Base */ = {isa = PBXFileReference; lastKnownFileType = file.storyboard; name = Base; path = Base.lproj/LaunchScreen.storyboard; sourceTree = "<group>"; };
		934EECC229275A9B003F735D /* Info.plist */ = {isa = PBXFileReference; lastKnownFileType = text.plist.xml; path = Info.plist; sourceTree = "<group>"; };
		937B7A63292D06A20018EE32 /* ProfileDataManagerProtocol.swift */ = {isa = PBXFileReference; lastKnownFileType = sourcecode.swift; path = ProfileDataManagerProtocol.swift; sourceTree = "<group>"; };
		937B7A65292D07410018EE32 /* ProfileDataManagerRemote.swift */ = {isa = PBXFileReference; lastKnownFileType = sourcecode.swift; path = ProfileDataManagerRemote.swift; sourceTree = "<group>"; };
		93B5EB2929297677003AEEA4 /* ProfileView.storyboard */ = {isa = PBXFileReference; lastKnownFileType = file.storyboard; path = ProfileView.storyboard; sourceTree = "<group>"; };
		93B5EB3229297D07003AEEA4 /* ProfileDetailProtocol.swift */ = {isa = PBXFileReference; lastKnownFileType = sourcecode.swift; path = ProfileDetailProtocol.swift; sourceTree = "<group>"; };
		93B5EB362929812A003AEEA4 /* ProfileDetailVC.swift */ = {isa = PBXFileReference; lastKnownFileType = sourcecode.swift; path = ProfileDetailVC.swift; sourceTree = "<group>"; };
		93B5EB382929813C003AEEA4 /* ProfileDetail.storyboard */ = {isa = PBXFileReference; lastKnownFileType = file.storyboard; path = ProfileDetail.storyboard; sourceTree = "<group>"; };
		93B5EB3A292981D9003AEEA4 /* ProfileDetailInteractor.swift */ = {isa = PBXFileReference; lastKnownFileType = sourcecode.swift; path = ProfileDetailInteractor.swift; sourceTree = "<group>"; };
		93B5EB3C29298EC8003AEEA4 /* ProfileDetailPresenter.swift */ = {isa = PBXFileReference; lastKnownFileType = sourcecode.swift; path = ProfileDetailPresenter.swift; sourceTree = "<group>"; };
		93B5EB3E292991B8003AEEA4 /* ProfileDetailRouter.swift */ = {isa = PBXFileReference; lastKnownFileType = sourcecode.swift; path = ProfileDetailRouter.swift; sourceTree = "<group>"; };
/* End PBXFileReference section */

/* Begin PBXFrameworksBuildPhase section */
		934EECAB29275A97003F735D /* Frameworks */ = {
			isa = PBXFrameworksBuildPhase;
			buildActionMask = 2147483647;
			files = (
			);
			runOnlyForDeploymentPostprocessing = 0;
		};
/* End PBXFrameworksBuildPhase section */

/* Begin PBXGroup section */
		931006C72927E01C00ACB9CD /* ProfileModule */ = {
			isa = PBXGroup;
			children = (
				931006C82927E02A00ACB9CD /* View */,
				931006D52927E08B00ACB9CD /* Interactor */,
				931006D62927E09600ACB9CD /* Presenter */,
				931006D72927E0A200ACB9CD /* Router */,
				931006D82927E0AA00ACB9CD /* Manager */,
				931006D92927E0B100ACB9CD /* Entity */,
				931006DA2927E0B800ACB9CD /* Protocol */,
			);
			path = ProfileModule;
			sourceTree = "<group>";
		};
		931006C82927E02A00ACB9CD /* View */ = {
			isa = PBXGroup;
			children = (
				931006C32927E01700ACB9CD /* ProfileVC.swift */,
				93B5EB2929297677003AEEA4 /* ProfileView.storyboard */,
			);
			path = View;
			sourceTree = "<group>";
		};
		931006D52927E08B00ACB9CD /* Interactor */ = {
			isa = PBXGroup;
			children = (
				931006C92927E04100ACB9CD /* ProfileInteractor.swift */,
			);
			path = Interactor;
			sourceTree = "<group>";
		};
		931006D62927E09600ACB9CD /* Presenter */ = {
			isa = PBXGroup;
			children = (
				931006CB2927E04D00ACB9CD /* ProfilePresenter.swift */,
			);
			path = Presenter;
			sourceTree = "<group>";
		};
		931006D72927E0A200ACB9CD /* Router */ = {
			isa = PBXGroup;
			children = (
				931006CD2927E06100ACB9CD /* ProfileRouter.swift */,
			);
			path = Router;
			sourceTree = "<group>";
		};
		931006D82927E0AA00ACB9CD /* Manager */ = {
			isa = PBXGroup;
			children = (
				937B7A65292D07410018EE32 /* ProfileDataManagerRemote.swift */,
			);
			path = Manager;
			sourceTree = "<group>";
		};
		931006D92927E0B100ACB9CD /* Entity */ = {
			isa = PBXGroup;
			children = (
				931006D12927E07B00ACB9CD /* ProfileEntity.swift */,
			);
			path = Entity;
			sourceTree = "<group>";
		};
		931006DA2927E0B800ACB9CD /* Protocol */ = {
			isa = PBXGroup;
			children = (
				931006D32927E08600ACB9CD /* ProfileProtocol.swift */,
				937B7A63292D06A20018EE32 /* ProfileDataManagerProtocol.swift */,
			);
			path = Protocol;
			sourceTree = "<group>";
		};
		934EECA529275A96003F735D = {
			isa = PBXGroup;
			children = (
				934EECB029275A97003F735D /* FormacionAppStory */,
				934EECAF29275A97003F735D /* Products */,
			);
			sourceTree = "<group>";
		};
		934EECAF29275A97003F735D /* Products */ = {
			isa = PBXGroup;
			children = (
				934EECAE29275A97003F735D /* FormacionAppStory.app */,
			);
			name = Products;
			sourceTree = "<group>";
		};
		934EECB029275A97003F735D /* FormacionAppStory */ = {
			isa = PBXGroup;
			children = (
				93F4EFA42929E9F600A65870 /* Common */,
				931006C72927E01C00ACB9CD /* ProfileModule */,
				93B5EB2B29297AD5003AEEA4 /* ProfileDetailModule */,
				93B5EB2C29297AF9003AEEA4 /* App */,
				934EECBD29275A9B003F735D /* Assets.xcassets */,
				934EECBF29275A9B003F735D /* LaunchScreen.storyboard */,
				934EECC229275A9B003F735D /* Info.plist */,
				934EECBA29275A97003F735D /* FormacionAppStory.xcdatamodeld */,
			);
			path = FormacionAppStory;
			sourceTree = "<group>";
		};
		93B5EB2B29297AD5003AEEA4 /* ProfileDetailModule */ = {
			isa = PBXGroup;
			children = (
				93B5EB3129297CE8003AEEA4 /* Protocol */,
				93B5EB3029297CDC003AEEA4 /* View */,
				93B5EB2F29297CD5003AEEA4 /* Interactor */,
				93B5EB2E29297CCB003AEEA4 /* Presenter */,
				93B5EB2D29297C91003AEEA4 /* Router */,
			);
			path = ProfileDetailModule;
			sourceTree = "<group>";
		};
		93B5EB2C29297AF9003AEEA4 /* App */ = {
			isa = PBXGroup;
			children = (
				934EECB329275A97003F735D /* SceneDelegate.swift */,
				934EECB129275A97003F735D /* AppDelegate.swift */,
			);
			path = App;
			sourceTree = "<group>";
		};
		93B5EB2D29297C91003AEEA4 /* Router */ = {
			isa = PBXGroup;
			children = (
				93B5EB3E292991B8003AEEA4 /* ProfileDetailRouter.swift */,
			);
			path = Router;
			sourceTree = "<group>";
		};
		93B5EB2E29297CCB003AEEA4 /* Presenter */ = {
			isa = PBXGroup;
			children = (
				93B5EB3C29298EC8003AEEA4 /* ProfileDetailPresenter.swift */,
			);
			path = Presenter;
			sourceTree = "<group>";
		};
		93B5EB2F29297CD5003AEEA4 /* Interactor */ = {
			isa = PBXGroup;
			children = (
				93B5EB3A292981D9003AEEA4 /* ProfileDetailInteractor.swift */,
			);
			path = Interactor;
			sourceTree = "<group>";
		};
		93B5EB3029297CDC003AEEA4 /* View */ = {
			isa = PBXGroup;
			children = (
				93B5EB362929812A003AEEA4 /* ProfileDetailVC.swift */,
				93B5EB382929813C003AEEA4 /* ProfileDetail.storyboard */,
			);
			path = View;
			sourceTree = "<group>";
		};
		93B5EB3129297CE8003AEEA4 /* Protocol */ = {
			isa = PBXGroup;
			children = (
				93B5EB3229297D07003AEEA4 /* ProfileDetailProtocol.swift */,
			);
			path = Protocol;
			sourceTree = "<group>";
		};
		93F4EFA42929E9F600A65870 /* Common */ = {
			isa = PBXGroup;
			children = (
				931006DB2927E81500ACB9CD /* Profile+CoreDataClass.swift */,
				931006DC2927E81500ACB9CD /* Profile+CoreDataProperties.swift */,
			);
			path = Common;
			sourceTree = "<group>";
		};
/* End PBXGroup section */

/* Begin PBXNativeTarget section */
		934EECAD29275A97003F735D /* FormacionAppStory */ = {
			isa = PBXNativeTarget;
			buildConfigurationList = 934EECC529275A9B003F735D /* Build configuration list for PBXNativeTarget "FormacionAppStory" */;
			buildPhases = (
				934EECAA29275A97003F735D /* Sources */,
				934EECAB29275A97003F735D /* Frameworks */,
				934EECAC29275A97003F735D /* Resources */,
			);
			buildRules = (
			);
			dependencies = (
			);
			name = FormacionAppStory;
			productName = FormacionAppStory;
			productReference = 934EECAE29275A97003F735D /* FormacionAppStory.app */;
			productType = "com.apple.product-type.application";
		};
/* End PBXNativeTarget section */

/* Begin PBXProject section */
		934EECA629275A96003F735D /* Project object */ = {
			isa = PBXProject;
			attributes = {
				BuildIndependentTargetsInParallel = 1;
				LastSwiftUpdateCheck = 1410;
				LastUpgradeCheck = 1410;
				TargetAttributes = {
					934EECAD29275A97003F735D = {
						CreatedOnToolsVersion = 14.1;
					};
				};
			};
			buildConfigurationList = 934EECA929275A96003F735D /* Build configuration list for PBXProject "FormacionAppStory" */;
			compatibilityVersion = "Xcode 14.0";
			developmentRegion = en;
			hasScannedForEncodings = 0;
			knownRegions = (
				en,
				Base,
			);
			mainGroup = 934EECA529275A96003F735D;
			productRefGroup = 934EECAF29275A97003F735D /* Products */;
			projectDirPath = "";
			projectRoot = "";
			targets = (
				934EECAD29275A97003F735D /* FormacionAppStory */,
			);
		};
/* End PBXProject section */

/* Begin PBXResourcesBuildPhase section */
		934EECAC29275A97003F735D /* Resources */ = {
			isa = PBXResourcesBuildPhase;
			buildActionMask = 2147483647;
			files = (
				934EECC129275A9B003F735D /* LaunchScreen.storyboard in Resources */,
				93B5EB2A29297677003AEEA4 /* ProfileView.storyboard in Resources */,
				93B5EB392929813C003AEEA4 /* ProfileDetail.storyboard in Resources */,
				934EECBE29275A9B003F735D /* Assets.xcassets in Resources */,
			);
			runOnlyForDeploymentPostprocessing = 0;
		};
/* End PBXResourcesBuildPhase section */

/* Begin PBXSourcesBuildPhase section */
		934EECAA29275A97003F735D /* Sources */ = {
			isa = PBXSourcesBuildPhase;
			buildActionMask = 2147483647;
			files = (
				93B5EB3329297D07003AEEA4 /* ProfileDetailProtocol.swift in Sources */,
				931006D22927E07B00ACB9CD /* ProfileEntity.swift in Sources */,
				93B5EB3F292991B8003AEEA4 /* ProfileDetailRouter.swift in Sources */,
				931006D42927E08600ACB9CD /* ProfileProtocol.swift in Sources */,
				93B5EB3D29298EC8003AEEA4 /* ProfileDetailPresenter.swift in Sources */,
				931006CE2927E06100ACB9CD /* ProfileRouter.swift in Sources */,
				931006C52927E01700ACB9CD /* ProfileVC.swift in Sources */,
				93B5EB3B292981D9003AEEA4 /* ProfileDetailInteractor.swift in Sources */,
				93B5EB372929812A003AEEA4 /* ProfileDetailVC.swift in Sources */,
				934EECB229275A97003F735D /* AppDelegate.swift in Sources */,
				931006CC2927E04D00ACB9CD /* ProfilePresenter.swift in Sources */,
				937B7A66292D07410018EE32 /* ProfileDataManagerRemote.swift in Sources */,
				931006DD2927E81500ACB9CD /* Profile+CoreDataClass.swift in Sources */,
				937B7A64292D06A20018EE32 /* ProfileDataManagerProtocol.swift in Sources */,
				934EECBC29275A97003F735D /* FormacionAppStory.xcdatamodeld in Sources */,
				931006DE2927E81500ACB9CD /* Profile+CoreDataProperties.swift in Sources */,
				931006CA2927E04100ACB9CD /* ProfileInteractor.swift in Sources */,
				934EECB429275A97003F735D /* SceneDelegate.swift in Sources */,
			);
			runOnlyForDeploymentPostprocessing = 0;
		};
/* End PBXSourcesBuildPhase section */

/* Begin PBXVariantGroup section */
		934EECBF29275A9B003F735D /* LaunchScreen.storyboard */ = {
			isa = PBXVariantGroup;
			children = (
				934EECC029275A9B003F735D /* Base */,
			);
			name = LaunchScreen.storyboard;
			sourceTree = "<group>";
		};
/* End PBXVariantGroup section */

/* Begin XCBuildConfiguration section */
		934EECC329275A9B003F735D /* Debug */ = {
			isa = XCBuildConfiguration;
			buildSettings = {
				ALWAYS_SEARCH_USER_PATHS = NO;
				CLANG_ANALYZER_NONNULL = YES;
				CLANG_ANALYZER_NUMBER_OBJECT_CONVERSION = YES_AGGRESSIVE;
				CLANG_CXX_LANGUAGE_STANDARD = "gnu++20";
				CLANG_ENABLE_MODULES = YES;
				CLANG_ENABLE_OBJC_ARC = YES;
				CLANG_ENABLE_OBJC_WEAK = YES;
				CLANG_WARN_BLOCK_CAPTURE_AUTORELEASING = YES;
				CLANG_WARN_BOOL_CONVERSION = YES;
				CLANG_WARN_COMMA = YES;
				CLANG_WARN_CONSTANT_CONVERSION = YES;
				CLANG_WARN_DEPRECATED_OBJC_IMPLEMENTATIONS = YES;
				CLANG_WARN_DIRECT_OBJC_ISA_USAGE = YES_ERROR;
				CLANG_WARN_DOCUMENTATION_COMMENTS = YES;
				CLANG_WARN_EMPTY_BODY = YES;
				CLANG_WARN_ENUM_CONVERSION = YES;
				CLANG_WARN_INFINITE_RECURSION = YES;
				CLANG_WARN_INT_CONVERSION = YES;
				CLANG_WARN_NON_LITERAL_NULL_CONVERSION = YES;
				CLANG_WARN_OBJC_IMPLICIT_RETAIN_SELF = YES;
				CLANG_WARN_OBJC_LITERAL_CONVERSION = YES;
				CLANG_WARN_OBJC_ROOT_CLASS = YES_ERROR;
				CLANG_WARN_QUOTED_INCLUDE_IN_FRAMEWORK_HEADER = YES;
				CLANG_WARN_RANGE_LOOP_ANALYSIS = YES;
				CLANG_WARN_STRICT_PROTOTYPES = YES;
				CLANG_WARN_SUSPICIOUS_MOVE = YES;
				CLANG_WARN_UNGUARDED_AVAILABILITY = YES_AGGRESSIVE;
				CLANG_WARN_UNREACHABLE_CODE = YES;
				CLANG_WARN__DUPLICATE_METHOD_MATCH = YES;
				COPY_PHASE_STRIP = NO;
				DEBUG_INFORMATION_FORMAT = dwarf;
				ENABLE_STRICT_OBJC_MSGSEND = YES;
				ENABLE_TESTABILITY = YES;
				GCC_C_LANGUAGE_STANDARD = gnu11;
				GCC_DYNAMIC_NO_PIC = NO;
				GCC_NO_COMMON_BLOCKS = YES;
				GCC_OPTIMIZATION_LEVEL = 0;
				GCC_PREPROCESSOR_DEFINITIONS = (
					"DEBUG=1",
					"$(inherited)",
				);
				GCC_WARN_64_TO_32_BIT_CONVERSION = YES;
				GCC_WARN_ABOUT_RETURN_TYPE = YES_ERROR;
				GCC_WARN_UNDECLARED_SELECTOR = YES;
				GCC_WARN_UNINITIALIZED_AUTOS = YES_AGGRESSIVE;
				GCC_WARN_UNUSED_FUNCTION = YES;
				GCC_WARN_UNUSED_VARIABLE = YES;
				IPHONEOS_DEPLOYMENT_TARGET = 16.1;
				MTL_ENABLE_DEBUG_INFO = INCLUDE_SOURCE;
				MTL_FAST_MATH = YES;
				ONLY_ACTIVE_ARCH = YES;
				SDKROOT = iphoneos;
				SWIFT_ACTIVE_COMPILATION_CONDITIONS = DEBUG;
				SWIFT_OPTIMIZATION_LEVEL = "-Onone";
			};
			name = Debug;
		};
		934EECC429275A9B003F735D /* Release */ = {
			isa = XCBuildConfiguration;
			buildSettings = {
				ALWAYS_SEARCH_USER_PATHS = NO;
				CLANG_ANALYZER_NONNULL = YES;
				CLANG_ANALYZER_NUMBER_OBJECT_CONVERSION = YES_AGGRESSIVE;
				CLANG_CXX_LANGUAGE_STANDARD = "gnu++20";
				CLANG_ENABLE_MODULES = YES;
				CLANG_ENABLE_OBJC_ARC = YES;
				CLANG_ENABLE_OBJC_WEAK = YES;
				CLANG_WARN_BLOCK_CAPTURE_AUTORELEASING = YES;
				CLANG_WARN_BOOL_CONVERSION = YES;
				CLANG_WARN_COMMA = YES;
				CLANG_WARN_CONSTANT_CONVERSION = YES;
				CLANG_WARN_DEPRECATED_OBJC_IMPLEMENTATIONS = YES;
				CLANG_WARN_DIRECT_OBJC_ISA_USAGE = YES_ERROR;
				CLANG_WARN_DOCUMENTATION_COMMENTS = YES;
				CLANG_WARN_EMPTY_BODY = YES;
				CLANG_WARN_ENUM_CONVERSION = YES;
				CLANG_WARN_INFINITE_RECURSION = YES;
				CLANG_WARN_INT_CONVERSION = YES;
				CLANG_WARN_NON_LITERAL_NULL_CONVERSION = YES;
				CLANG_WARN_OBJC_IMPLICIT_RETAIN_SELF = YES;
				CLANG_WARN_OBJC_LITERAL_CONVERSION = YES;
				CLANG_WARN_OBJC_ROOT_CLASS = YES_ERROR;
				CLANG_WARN_QUOTED_INCLUDE_IN_FRAMEWORK_HEADER = YES;
				CLANG_WARN_RANGE_LOOP_ANALYSIS = YES;
				CLANG_WARN_STRICT_PROTOTYPES = YES;
				CLANG_WARN_SUSPICIOUS_MOVE = YES;
				CLANG_WARN_UNGUARDED_AVAILABILITY = YES_AGGRESSIVE;
				CLANG_WARN_UNREACHABLE_CODE = YES;
				CLANG_WARN__DUPLICATE_METHOD_MATCH = YES;
				COPY_PHASE_STRIP = NO;
				DEBUG_INFORMATION_FORMAT = "dwarf-with-dsym";
				ENABLE_NS_ASSERTIONS = NO;
				ENABLE_STRICT_OBJC_MSGSEND = YES;
				GCC_C_LANGUAGE_STANDARD = gnu11;
				GCC_NO_COMMON_BLOCKS = YES;
				GCC_WARN_64_TO_32_BIT_CONVERSION = YES;
				GCC_WARN_ABOUT_RETURN_TYPE = YES_ERROR;
				GCC_WARN_UNDECLARED_SELECTOR = YES;
				GCC_WARN_UNINITIALIZED_AUTOS = YES_AGGRESSIVE;
				GCC_WARN_UNUSED_FUNCTION = YES;
				GCC_WARN_UNUSED_VARIABLE = YES;
				IPHONEOS_DEPLOYMENT_TARGET = 16.1;
				MTL_ENABLE_DEBUG_INFO = NO;
				MTL_FAST_MATH = YES;
				SDKROOT = iphoneos;
				SWIFT_COMPILATION_MODE = wholemodule;
				SWIFT_OPTIMIZATION_LEVEL = "-O";
				VALIDATE_PRODUCT = YES;
			};
			name = Release;
		};
		934EECC629275A9B003F735D /* Debug */ = {
			isa = XCBuildConfiguration;
			buildSettings = {
				ASSETCATALOG_COMPILER_APPICON_NAME = AppIcon;
				ASSETCATALOG_COMPILER_GLOBAL_ACCENT_COLOR_NAME = AccentColor;
				CODE_SIGN_STYLE = Automatic;
				CURRENT_PROJECT_VERSION = 1;
				GENERATE_INFOPLIST_FILE = YES;
				INFOPLIST_FILE = FormacionAppStory/Info.plist;
				INFOPLIST_KEY_UIApplicationSupportsIndirectInputEvents = YES;
				INFOPLIST_KEY_UILaunchStoryboardName = LaunchScreen.storyboard;
				INFOPLIST_KEY_UIMainStoryboardFile = LaunchScreen;
				INFOPLIST_KEY_UISupportedInterfaceOrientations_iPad = "UIInterfaceOrientationPortrait UIInterfaceOrientationPortraitUpsideDown UIInterfaceOrientationLandscapeLeft UIInterfaceOrientationLandscapeRight";
				INFOPLIST_KEY_UISupportedInterfaceOrientations_iPhone = "UIInterfaceOrientationPortrait UIInterfaceOrientationLandscapeLeft UIInterfaceOrientationLandscapeRight";
				LD_RUNPATH_SEARCH_PATHS = (
					"$(inherited)",
					"@executable_path/Frameworks",
				);
				MARKETING_VERSION = 1.0;
				PRODUCT_BUNDLE_IDENTIFIER = erikciau.FormacionAppStory;
				PRODUCT_NAME = "$(TARGET_NAME)";
				SWIFT_EMIT_LOC_STRINGS = YES;
				SWIFT_VERSION = 5.0;
				TARGETED_DEVICE_FAMILY = "1,2";
			};
			name = Debug;
		};
		934EECC729275A9B003F735D /* Release */ = {
			isa = XCBuildConfiguration;
			buildSettings = {
				ASSETCATALOG_COMPILER_APPICON_NAME = AppIcon;
				ASSETCATALOG_COMPILER_GLOBAL_ACCENT_COLOR_NAME = AccentColor;
				CODE_SIGN_STYLE = Automatic;
				CURRENT_PROJECT_VERSION = 1;
				GENERATE_INFOPLIST_FILE = YES;
				INFOPLIST_FILE = FormacionAppStory/Info.plist;
				INFOPLIST_KEY_UIApplicationSupportsIndirectInputEvents = YES;
				INFOPLIST_KEY_UILaunchStoryboardName = LaunchScreen.storyboard;
				INFOPLIST_KEY_UIMainStoryboardFile = LaunchScreen;
				INFOPLIST_KEY_UISupportedInterfaceOrientations_iPad = "UIInterfaceOrientationPortrait UIInterfaceOrientationPortraitUpsideDown UIInterfaceOrientationLandscapeLeft UIInterfaceOrientationLandscapeRight";
				INFOPLIST_KEY_UISupportedInterfaceOrientations_iPhone = "UIInterfaceOrientationPortrait UIInterfaceOrientationLandscapeLeft UIInterfaceOrientationLandscapeRight";
				LD_RUNPATH_SEARCH_PATHS = (
					"$(inherited)",
					"@executable_path/Frameworks",
				);
				MARKETING_VERSION = 1.0;
				PRODUCT_BUNDLE_IDENTIFIER = erikciau.FormacionAppStory;
				PRODUCT_NAME = "$(TARGET_NAME)";
				SWIFT_EMIT_LOC_STRINGS = YES;
				SWIFT_VERSION = 5.0;
				TARGETED_DEVICE_FAMILY = "1,2";
			};
			name = Release;
		};
/* End XCBuildConfiguration section */

/* Begin XCConfigurationList section */
		934EECA929275A96003F735D /* Build configuration list for PBXProject "FormacionAppStory" */ = {
			isa = XCConfigurationList;
			buildConfigurations = (
				934EECC329275A9B003F735D /* Debug */,
				934EECC429275A9B003F735D /* Release */,
			);
			defaultConfigurationIsVisible = 0;
			defaultConfigurationName = Release;
		};
		934EECC529275A9B003F735D /* Build configuration list for PBXNativeTarget "FormacionAppStory" */ = {
			isa = XCConfigurationList;
			buildConfigurations = (
				934EECC629275A9B003F735D /* Debug */,
				934EECC729275A9B003F735D /* Release */,
			);
			defaultConfigurationIsVisible = 0;
			defaultConfigurationName = Release;
		};
/* End XCConfigurationList section */

/* Begin XCVersionGroup section */
		934EECBA29275A97003F735D /* FormacionAppStory.xcdatamodeld */ = {
			isa = XCVersionGroup;
			children = (
				934EECBB29275A97003F735D /* FormacionAppStory.xcdatamodel */,
			);
			currentVersion = 934EECBB29275A97003F735D /* FormacionAppStory.xcdatamodel */;
			path = FormacionAppStory.xcdatamodeld;
			sourceTree = "<group>";
			versionGroupType = wrapper.xcdatamodel;
		};
/* End XCVersionGroup section */
	};
	rootObject = 934EECA629275A96003F735D /* Project object */;
}
